
Microsoft Visual Studio Solution File, Format Version 12.00
# Visual Studio Version 17
VisualStudioVersion = 17.11.35222.181
MinimumVisualStudioVersion = 10.0.40219.1
Project("{2150E333-8FDC-42A3-9474-1A3956D46DE8}") = "Task0", "Task0", "{7BD74118-2B50-4730-980C-2D92E2B70F88}"
EndProject
Project("{9A19103F-16F7-4668-BE54-9A1E7A4F7556}") = "Tyuiu.BrovkinAA.Sprint6.Task0.V16.Lib", "Tyuiu.BrovkinAA.Sprint6.Task0.V16.Lib\Tyuiu.BrovkinAA.Sprint6.Task0.V16.Lib.csproj", "{BB62C946-7BE3-41D4-879E-B56D66E2ADB0}"
EndProject
Project("{9A19103F-16F7-4668-BE54-9A1E7A4F7556}") = "Tyuiu.BrovkinAA.Sprint6.Task0.V16.Test", "Tyuiu.BrovkinAA.Sprint6.Task0.V16.Test\Tyuiu.BrovkinAA.Sprint6.Task0.V16.Test.csproj", "{090701CC-E40F-4998-A057-D47BCE64E6EE}"
EndProject
Project("{9A19103F-16F7-4668-BE54-9A1E7A4F7556}") = "Tyuiu.BrovkinAA.Sprint6.Task0.V16", "Tyuiu.BrovkinAA.Sprint6.Task0.V16\Tyuiu.BrovkinAA.Sprint6.Task0.V16.csproj", "{A81B6CB3-2BAD-49FC-A679-01613755FD6B}"
EndProject
Project("{2150E333-8FDC-42A3-9474-1A3956D46DE8}") = "Task1", "Task1", "{CCFA0AFC-3625-4CD5-AA6D-0F7E6B1CB47E}"
EndProject
Project("{9A19103F-16F7-4668-BE54-9A1E7A4F7556}") = "Tyuiu.BrovkinAA.Sprint6.Task1.V24.Lib", "Tyuiu.BrovkinAA.Sprint6.Task1.V24.Lib\Tyuiu.BrovkinAA.Sprint6.Task1.V24.Lib.csproj", "{363D5184-2EBF-440C-B588-102166C8B476}"
EndProject
Project("{9A19103F-16F7-4668-BE54-9A1E7A4F7556}") = "Tyuiu.BrovkinAA.Sprint6.Task1.V24.Test", "Tyuiu.BrovkinAA.Sprint6.Task1.V24.Test\Tyuiu.BrovkinAA.Sprint6.Task1.V24.Test.csproj", "{E0DB3EC3-9080-4F00-960F-3C27EFFFEFB4}"
EndProject
Project("{9A19103F-16F7-4668-BE54-9A1E7A4F7556}") = "Tyuiu.BrovkinAA.Sprint6.Task1.V24", "Tyuiu.BrovkinAA.Sprint6.Task1.V24\Tyuiu.BrovkinAA.Sprint6.Task1.V24.csproj", "{4EABC4E1-B9B5-4428-9C08-4A501EABD0FB}"
EndProject
Project("{2150E333-8FDC-42A3-9474-1A3956D46DE8}") = "Task2", "Task2", "{77158FDC-9B72-4EED-AA2D-831F60FEBCFD}"
EndProject
Project("{9A19103F-16F7-4668-BE54-9A1E7A4F7556}") = "Tyuiu.BrovkinAA.Sprint6.Task2.V16.Lib", "Tyuiu.BrovkinAA.Sprint6.Task2.V16.Lib\Tyuiu.BrovkinAA.Sprint6.Task2.V16.Lib.csproj", "{6D0C8EDE-13E7-4FAC-A6E7-EE7B11F602A3}"
EndProject
Project("{9A19103F-16F7-4668-BE54-9A1E7A4F7556}") = "Tyuiu.BrovkinAA.Sprint6.Task2.V16.Test", "Tyuiu.BrovkinAA.Sprint6.Task2.V16.Test\Tyuiu.BrovkinAA.Sprint6.Task2.V16.Test.csproj", "{AB9C0A7B-0914-4AFB-8A4F-FB03FF46CBB6}"
EndProject
Project("{FAE04EC0-301F-11D3-BF4B-00C04F79EFBC}") = "Tyuiu.BrovkinAA.Sprint6.Task2.V16", "Tyuiu.BrovkinAA.Sprint6.Task2.V16\Tyuiu.BrovkinAA.Sprint6.Task2.V16.csproj", "{3C165CB2-36B1-4B9F-97A5-C5AAC05369E7}"
EndProject
Project("{2150E333-8FDC-42A3-9474-1A3956D46DE8}") = "Task3", "Task3", "{B8E46D23-D7D1-4193-AAEB-A8686BEFBDE0}"
EndProject
Project("{FAE04EC0-301F-11D3-BF4B-00C04F79EFBC}") = "Tyuiu.BrovkinAA.Sprint6.Task3.V27", "Tyuiu.BrovkinAA.Sprint6.Task3.V27\Tyuiu.BrovkinAA.Sprint6.Task3.V27.csproj", "{23C9F88E-C111-4B55-A548-0ED19C871787}"
EndProject
Project("{FAE04EC0-301F-11D3-BF4B-00C04F79EFBC}") = "Tyuiu.BrovkinAA.Sprint6.Task3.V27.Lib", "Tyuiu.BrovkinAA.Sprint6.Task3.V27.Lib\Tyuiu.BrovkinAA.Sprint6.Task3.V27.Lib.csproj", "{93AC7299-679C-4E6C-9072-07A04454EB13}"
EndProject
Project("{FAE04EC0-301F-11D3-BF4B-00C04F79EFBC}") = "Tyuiu.BrovkinAA.Sprint6.Task3.V27.Test", "Tyuiu.BrovkinAA.Sprint6.Task3.V27.Test\Tyuiu.BrovkinAA.Sprint6.Task3.V27.Test.csproj", "{750647C7-E30B-451C-826B-F06AFB0B2463}"
EndProject
Project("{2150E333-8FDC-42A3-9474-1A3956D46DE8}") = "Task4", "Task4", "{7EBED61F-2F79-4FF8-8BDF-06A82E685570}"
EndProject
Project("{FAE04EC0-301F-11D3-BF4B-00C04F79EFBC}") = "Tyuiu.BrovkinAA.Sprint6.Task4.V18", "Tyuiu.BrovkinAA.Sprint6.Task4.V18\Tyuiu.BrovkinAA.Sprint6.Task4.V18.csproj", "{E526DE7B-864B-482E-85D0-1C3C8BE83D73}"
EndProject
Project("{FAE04EC0-301F-11D3-BF4B-00C04F79EFBC}") = "Tyuiu.BrovkinAA.Sprint6.Task4.V18.Lib", "Tyuiu.BrovkinAA.Sprint6.Task4.V18.Lib\Tyuiu.BrovkinAA.Sprint6.Task4.V18.Lib.csproj", "{D7E1F90E-B678-41AD-ACEA-6A5C762C5BEB}"
EndProject
Project("{FAE04EC0-301F-11D3-BF4B-00C04F79EFBC}") = "Tyuiu.BrovkinAA.Sprint6.Task4.V18.Test", "Tyuiu.BrovkinAA.Sprint6.Task4.V18.Test\Tyuiu.BrovkinAA.Sprint6.Task4.V18.Test.csproj", "{DD7B1809-0DCD-4730-B665-BF171DBB861B}"
EndProject
Project("{2150E333-8FDC-42A3-9474-1A3956D46DE8}") = "Task5", "Task5", "{6C574CA8-0AE0-4B5F-B515-D911194CA34A}"
EndProject
Project("{FAE04EC0-301F-11D3-BF4B-00C04F79EFBC}") = "Tyuiu.BrovkinAA.Sprint6.Task5.V10", "Tyuiu.BrovkinAA.Sprint6.Task5.V10\Tyuiu.BrovkinAA.Sprint6.Task5.V10.csproj", "{9FCA4D4C-4B76-4E8A-93C4-79D3EBD608AF}"
EndProject
Project("{FAE04EC0-301F-11D3-BF4B-00C04F79EFBC}") = "Tyuiu.BrovkinAA.Sprint6.Task5.V10.Lib", "Tyuiu.BrovkinAA.Sprint6.Task5.V10.Lib\Tyuiu.BrovkinAA.Sprint6.Task5.V10.Lib.csproj", "{79508B81-1AB0-46EF-8582-1F7BFF713CB0}"
EndProject
Project("{FAE04EC0-301F-11D3-BF4B-00C04F79EFBC}") = "Tyuiu.BrovkinAA.Sprint6.Task5.V10.Test", "Tyuiu.BrovkinAA.Sprint6.Task5.V10.Test\Tyuiu.BrovkinAA.Sprint6.Task5.V10.Test.csproj", "{7729B9DA-0606-4FB6-9F35-385906139A52}"
EndProject
Project("{2150E333-8FDC-42A3-9474-1A3956D46DE8}") = "Task6", "Task6", "{BA4EE108-0B5F-4AED-9ED1-4778B3E8C9CC}"
EndProject
Project("{FAE04EC0-301F-11D3-BF4B-00C04F79EFBC}") = "Tyuiu.BrovkinAA.Sprint6.Task6.V30.Lib", "Tyuiu.BrovkinAA.Sprint6.Task6.V30.Lib\Tyuiu.BrovkinAA.Sprint6.Task6.V30.Lib.csproj", "{6E31742B-D554-4A09-AE1E-08DB8688FEC8}"
EndProject
Project("{FAE04EC0-301F-11D3-BF4B-00C04F79EFBC}") = "Tyuiu.BrovkinAA.Sprint6.Task6.V30.Test", "Tyuiu.BrovkinAA.Sprint6.Task6.V30.Test\Tyuiu.BrovkinAA.Sprint6.Task6.V30.Test.csproj", "{92E3585E-6413-46D1-93A7-9D5074E12ADD}"
EndProject
Project("{FAE04EC0-301F-11D3-BF4B-00C04F79EFBC}") = "Tyuiu.BrovkinAA.Sprint6.Task6.V30", "Tyuiu.BrovkinAA.Sprint6.Task6.V30\Tyuiu.BrovkinAA.Sprint6.Task6.V30.csproj", "{C03B2BAD-D8E1-4842-955E-5E6CDC272CE2}"
EndProject
Project("{2150E333-8FDC-42A3-9474-1A3956D46DE8}") = "Task7", "Task7", "{57EDDF92-B4B1-4196-8420-12F2A53B501C}"
EndProject
Project("{FAE04EC0-301F-11D3-BF4B-00C04F79EFBC}") = "Tyuiu.BrovkinAA.Sprint6.Task7.V12", "Tyuiu.BrovkinAA.Sprint6.Task7.V12\Tyuiu.BrovkinAA.Sprint6.Task7.V12.csproj", "{8ADF2CB1-7560-4A79-81DA-EFC5D25BFB4C}"
EndProject
Project("{FAE04EC0-301F-11D3-BF4B-00C04F79EFBC}") = "Tyuiu.BrovkinAA.Sprint6.Task7.V12.Lib", "Tyuiu.BrovkinAA.Sprint6.Task7.V12.Lib\Tyuiu.BrovkinAA.Sprint6.Task7.V12.Lib.csproj", "{0AC95D14-7BA2-463D-AAB5-6809EE28E6CA}"
EndProject
Project("{FAE04EC0-301F-11D3-BF4B-00C04F79EFBC}") = "Tyuiu.BrovkinAA.Sprint6.Task7.V12.Test", "Tyuiu.BrovkinAA.Sprint6.Task7.V12.Test\Tyuiu.BrovkinAA.Sprint6.Task7.V12.Test.csproj", "{602B786E-AE3F-4F28-A711-AD514C858370}"
EndProject
Global
	GlobalSection(SolutionConfigurationPlatforms) = preSolution
		Debug|Any CPU = Debug|Any CPU
		Release|Any CPU = Release|Any CPU
	EndGlobalSection
	GlobalSection(ProjectConfigurationPlatforms) = postSolution
		{BB62C946-7BE3-41D4-879E-B56D66E2ADB0}.Debug|Any CPU.ActiveCfg = Debug|Any CPU
		{BB62C946-7BE3-41D4-879E-B56D66E2ADB0}.Debug|Any CPU.Build.0 = Debug|Any CPU
		{BB62C946-7BE3-41D4-879E-B56D66E2ADB0}.Release|Any CPU.ActiveCfg = Release|Any CPU
		{BB62C946-7BE3-41D4-879E-B56D66E2ADB0}.Release|Any CPU.Build.0 = Release|Any CPU
		{090701CC-E40F-4998-A057-D47BCE64E6EE}.Debug|Any CPU.ActiveCfg = Debug|Any CPU
		{090701CC-E40F-4998-A057-D47BCE64E6EE}.Debug|Any CPU.Build.0 = Debug|Any CPU
		{090701CC-E40F-4998-A057-D47BCE64E6EE}.Release|Any CPU.ActiveCfg = Release|Any CPU
		{090701CC-E40F-4998-A057-D47BCE64E6EE}.Release|Any CPU.Build.0 = Release|Any CPU
		{A81B6CB3-2BAD-49FC-A679-01613755FD6B}.Debug|Any CPU.ActiveCfg = Debug|Any CPU
		{A81B6CB3-2BAD-49FC-A679-01613755FD6B}.Debug|Any CPU.Build.0 = Debug|Any CPU
		{A81B6CB3-2BAD-49FC-A679-01613755FD6B}.Release|Any CPU.ActiveCfg = Release|Any CPU
		{A81B6CB3-2BAD-49FC-A679-01613755FD6B}.Release|Any CPU.Build.0 = Release|Any CPU
		{363D5184-2EBF-440C-B588-102166C8B476}.Debug|Any CPU.ActiveCfg = Debug|Any CPU
		{363D5184-2EBF-440C-B588-102166C8B476}.Debug|Any CPU.Build.0 = Debug|Any CPU
		{363D5184-2EBF-440C-B588-102166C8B476}.Release|Any CPU.ActiveCfg = Release|Any CPU
		{363D5184-2EBF-440C-B588-102166C8B476}.Release|Any CPU.Build.0 = Release|Any CPU
		{E0DB3EC3-9080-4F00-960F-3C27EFFFEFB4}.Debug|Any CPU.ActiveCfg = Debug|Any CPU
		{E0DB3EC3-9080-4F00-960F-3C27EFFFEFB4}.Debug|Any CPU.Build.0 = Debug|Any CPU
		{E0DB3EC3-9080-4F00-960F-3C27EFFFEFB4}.Release|Any CPU.ActiveCfg = Release|Any CPU
		{E0DB3EC3-9080-4F00-960F-3C27EFFFEFB4}.Release|Any CPU.Build.0 = Release|Any CPU
		{4EABC4E1-B9B5-4428-9C08-4A501EABD0FB}.Debug|Any CPU.ActiveCfg = Debug|Any CPU
		{4EABC4E1-B9B5-4428-9C08-4A501EABD0FB}.Debug|Any CPU.Build.0 = Debug|Any CPU
		{4EABC4E1-B9B5-4428-9C08-4A501EABD0FB}.Release|Any CPU.ActiveCfg = Release|Any CPU
		{4EABC4E1-B9B5-4428-9C08-4A501EABD0FB}.Release|Any CPU.Build.0 = Release|Any CPU
		{6D0C8EDE-13E7-4FAC-A6E7-EE7B11F602A3}.Debug|Any CPU.ActiveCfg = Debug|Any CPU
		{6D0C8EDE-13E7-4FAC-A6E7-EE7B11F602A3}.Debug|Any CPU.Build.0 = Debug|Any CPU
		{6D0C8EDE-13E7-4FAC-A6E7-EE7B11F602A3}.Release|Any CPU.ActiveCfg = Release|Any CPU
		{6D0C8EDE-13E7-4FAC-A6E7-EE7B11F602A3}.Release|Any CPU.Build.0 = Release|Any CPU
		{AB9C0A7B-0914-4AFB-8A4F-FB03FF46CBB6}.Debug|Any CPU.ActiveCfg = Debug|Any CPU
		{AB9C0A7B-0914-4AFB-8A4F-FB03FF46CBB6}.Debug|Any CPU.Build.0 = Debug|Any CPU
		{AB9C0A7B-0914-4AFB-8A4F-FB03FF46CBB6}.Release|Any CPU.ActiveCfg = Release|Any CPU
		{AB9C0A7B-0914-4AFB-8A4F-FB03FF46CBB6}.Release|Any CPU.Build.0 = Release|Any CPU
		{3C165CB2-36B1-4B9F-97A5-C5AAC05369E7}.Debug|Any CPU.ActiveCfg = Debug|Any CPU
		{3C165CB2-36B1-4B9F-97A5-C5AAC05369E7}.Debug|Any CPU.Build.0 = Debug|Any CPU
		{3C165CB2-36B1-4B9F-97A5-C5AAC05369E7}.Release|Any CPU.ActiveCfg = Release|Any CPU
		{3C165CB2-36B1-4B9F-97A5-C5AAC05369E7}.Release|Any CPU.Build.0 = Release|Any CPU
		{23C9F88E-C111-4B55-A548-0ED19C871787}.Debug|Any CPU.ActiveCfg = Debug|Any CPU
		{23C9F88E-C111-4B55-A548-0ED19C871787}.Debug|Any CPU.Build.0 = Debug|Any CPU
		{23C9F88E-C111-4B55-A548-0ED19C871787}.Release|Any CPU.ActiveCfg = Release|Any CPU
		{23C9F88E-C111-4B55-A548-0ED19C871787}.Release|Any CPU.Build.0 = Release|Any CPU
		{93AC7299-679C-4E6C-9072-07A04454EB13}.Debug|Any CPU.ActiveCfg = Debug|Any CPU
		{93AC7299-679C-4E6C-9072-07A04454EB13}.Debug|Any CPU.Build.0 = Debug|Any CPU
		{93AC7299-679C-4E6C-9072-07A04454EB13}.Release|Any CPU.ActiveCfg = Release|Any CPU
		{93AC7299-679C-4E6C-9072-07A04454EB13}.Release|Any CPU.Build.0 = Release|Any CPU
		{750647C7-E30B-451C-826B-F06AFB0B2463}.Debug|Any CPU.ActiveCfg = Debug|Any CPU
		{750647C7-E30B-451C-826B-F06AFB0B2463}.Debug|Any CPU.Build.0 = Debug|Any CPU
		{750647C7-E30B-451C-826B-F06AFB0B2463}.Release|Any CPU.ActiveCfg = Release|Any CPU
		{750647C7-E30B-451C-826B-F06AFB0B2463}.Release|Any CPU.Build.0 = Release|Any CPU
		{E526DE7B-864B-482E-85D0-1C3C8BE83D73}.Debug|Any CPU.ActiveCfg = Debug|Any CPU
		{E526DE7B-864B-482E-85D0-1C3C8BE83D73}.Debug|Any CPU.Build.0 = Debug|Any CPU
		{E526DE7B-864B-482E-85D0-1C3C8BE83D73}.Release|Any CPU.ActiveCfg = Release|Any CPU
		{E526DE7B-864B-482E-85D0-1C3C8BE83D73}.Release|Any CPU.Build.0 = Release|Any CPU
		{D7E1F90E-B678-41AD-ACEA-6A5C762C5BEB}.Debug|Any CPU.ActiveCfg = Debug|Any CPU
		{D7E1F90E-B678-41AD-ACEA-6A5C762C5BEB}.Debug|Any CPU.Build.0 = Debug|Any CPU
		{D7E1F90E-B678-41AD-ACEA-6A5C762C5BEB}.Release|Any CPU.ActiveCfg = Release|Any CPU
		{D7E1F90E-B678-41AD-ACEA-6A5C762C5BEB}.Release|Any CPU.Build.0 = Release|Any CPU
		{DD7B1809-0DCD-4730-B665-BF171DBB861B}.Debug|Any CPU.ActiveCfg = Debug|Any CPU
		{DD7B1809-0DCD-4730-B665-BF171DBB861B}.Debug|Any CPU.Build.0 = Debug|Any CPU
		{DD7B1809-0DCD-4730-B665-BF171DBB861B}.Release|Any CPU.ActiveCfg = Release|Any CPU
		{DD7B1809-0DCD-4730-B665-BF171DBB861B}.Release|Any CPU.Build.0 = Release|Any CPU
		{9FCA4D4C-4B76-4E8A-93C4-79D3EBD608AF}.Debug|Any CPU.ActiveCfg = Debug|Any CPU
		{9FCA4D4C-4B76-4E8A-93C4-79D3EBD608AF}.Debug|Any CPU.Build.0 = Debug|Any CPU
		{9FCA4D4C-4B76-4E8A-93C4-79D3EBD608AF}.Release|Any CPU.ActiveCfg = Release|Any CPU
		{9FCA4D4C-4B76-4E8A-93C4-79D3EBD608AF}.Release|Any CPU.Build.0 = Release|Any CPU
		{79508B81-1AB0-46EF-8582-1F7BFF713CB0}.Debug|Any CPU.ActiveCfg = Debug|Any CPU
		{79508B81-1AB0-46EF-8582-1F7BFF713CB0}.Debug|Any CPU.Build.0 = Debug|Any CPU
		{79508B81-1AB0-46EF-8582-1F7BFF713CB0}.Release|Any CPU.ActiveCfg = Release|Any CPU
		{79508B81-1AB0-46EF-8582-1F7BFF713CB0}.Release|Any CPU.Build.0 = Release|Any CPU
		{7729B9DA-0606-4FB6-9F35-385906139A52}.Debug|Any CPU.ActiveCfg = Debug|Any CPU
		{7729B9DA-0606-4FB6-9F35-385906139A52}.Debug|Any CPU.Build.0 = Debug|Any CPU
		{7729B9DA-0606-4FB6-9F35-385906139A52}.Release|Any CPU.ActiveCfg = Release|Any CPU
		{7729B9DA-0606-4FB6-9F35-385906139A52}.Release|Any CPU.Build.0 = Release|Any CPU
		{6E31742B-D554-4A09-AE1E-08DB8688FEC8}.Debug|Any CPU.ActiveCfg = Debug|Any CPU
		{6E31742B-D554-4A09-AE1E-08DB8688FEC8}.Debug|Any CPU.Build.0 = Debug|Any CPU
		{6E31742B-D554-4A09-AE1E-08DB8688FEC8}.Release|Any CPU.ActiveCfg = Release|Any CPU
		{6E31742B-D554-4A09-AE1E-08DB8688FEC8}.Release|Any CPU.Build.0 = Release|Any CPU
		{92E3585E-6413-46D1-93A7-9D5074E12ADD}.Debug|Any CPU.ActiveCfg = Debug|Any CPU
		{92E3585E-6413-46D1-93A7-9D5074E12ADD}.Debug|Any CPU.Build.0 = Debug|Any CPU
		{92E3585E-6413-46D1-93A7-9D5074E12ADD}.Release|Any CPU.ActiveCfg = Release|Any CPU
		{92E3585E-6413-46D1-93A7-9D5074E12ADD}.Release|Any CPU.Build.0 = Release|Any CPU
		{C03B2BAD-D8E1-4842-955E-5E6CDC272CE2}.Debug|Any CPU.ActiveCfg = Debug|Any CPU
		{C03B2BAD-D8E1-4842-955E-5E6CDC272CE2}.Debug|Any CPU.Build.0 = Debug|Any CPU
		{C03B2BAD-D8E1-4842-955E-5E6CDC272CE2}.Release|Any CPU.ActiveCfg = Release|Any CPU
		{C03B2BAD-D8E1-4842-955E-5E6CDC272CE2}.Release|Any CPU.Build.0 = Release|Any CPU
		{8ADF2CB1-7560-4A79-81DA-EFC5D25BFB4C}.Debug|Any CPU.ActiveCfg = Debug|Any CPU
		{8ADF2CB1-7560-4A79-81DA-EFC5D25BFB4C}.Debug|Any CPU.Build.0 = Debug|Any CPU
		{8ADF2CB1-7560-4A79-81DA-EFC5D25BFB4C}.Release|Any CPU.ActiveCfg = Release|Any CPU
		{8ADF2CB1-7560-4A79-81DA-EFC5D25BFB4C}.Release|Any CPU.Build.0 = Release|Any CPU
		{0AC95D14-7BA2-463D-AAB5-6809EE28E6CA}.Debug|Any CPU.ActiveCfg = Debug|Any CPU
		{0AC95D14-7BA2-463D-AAB5-6809EE28E6CA}.Debug|Any CPU.Build.0 = Debug|Any CPU
		{0AC95D14-7BA2-463D-AAB5-6809EE28E6CA}.Release|Any CPU.ActiveCfg = Release|Any CPU
		{0AC95D14-7BA2-463D-AAB5-6809EE28E6CA}.Release|Any CPU.Build.0 = Release|Any CPU
		{602B786E-AE3F-4F28-A711-AD514C858370}.Debug|Any CPU.ActiveCfg = Debug|Any CPU
		{602B786E-AE3F-4F28-A711-AD514C858370}.Debug|Any CPU.Build.0 = Debug|Any CPU
		{602B786E-AE3F-4F28-A711-AD514C858370}.Release|Any CPU.ActiveCfg = Release|Any CPU
		{602B786E-AE3F-4F28-A711-AD514C858370}.Release|Any CPU.Build.0 = Release|Any CPU
	EndGlobalSection
	GlobalSection(SolutionProperties) = preSolution
		HideSolutionNode = FALSE
	EndGlobalSection
	GlobalSection(NestedProjects) = preSolution
		{BB62C946-7BE3-41D4-879E-B56D66E2ADB0} = {7BD74118-2B50-4730-980C-2D92E2B70F88}
		{090701CC-E40F-4998-A057-D47BCE64E6EE} = {7BD74118-2B50-4730-980C-2D92E2B70F88}
		{A81B6CB3-2BAD-49FC-A679-01613755FD6B} = {7BD74118-2B50-4730-980C-2D92E2B70F88}
		{363D5184-2EBF-440C-B588-102166C8B476} = {CCFA0AFC-3625-4CD5-AA6D-0F7E6B1CB47E}
		{E0DB3EC3-9080-4F00-960F-3C27EFFFEFB4} = {CCFA0AFC-3625-4CD5-AA6D-0F7E6B1CB47E}
		{4EABC4E1-B9B5-4428-9C08-4A501EABD0FB} = {CCFA0AFC-3625-4CD5-AA6D-0F7E6B1CB47E}
		{6D0C8EDE-13E7-4FAC-A6E7-EE7B11F602A3} = {77158FDC-9B72-4EED-AA2D-831F60FEBCFD}
		{AB9C0A7B-0914-4AFB-8A4F-FB03FF46CBB6} = {77158FDC-9B72-4EED-AA2D-831F60FEBCFD}
		{3C165CB2-36B1-4B9F-97A5-C5AAC05369E7} = {77158FDC-9B72-4EED-AA2D-831F60FEBCFD}
		{23C9F88E-C111-4B55-A548-0ED19C871787} = {B8E46D23-D7D1-4193-AAEB-A8686BEFBDE0}
		{93AC7299-679C-4E6C-9072-07A04454EB13} = {B8E46D23-D7D1-4193-AAEB-A8686BEFBDE0}
		{750647C7-E30B-451C-826B-F06AFB0B2463} = {B8E46D23-D7D1-4193-AAEB-A8686BEFBDE0}
		{E526DE7B-864B-482E-85D0-1C3C8BE83D73} = {7EBED61F-2F79-4FF8-8BDF-06A82E685570}
		{D7E1F90E-B678-41AD-ACEA-6A5C762C5BEB} = {7EBED61F-2F79-4FF8-8BDF-06A82E685570}
		{DD7B1809-0DCD-4730-B665-BF171DBB861B} = {7EBED61F-2F79-4FF8-8BDF-06A82E685570}
		{9FCA4D4C-4B76-4E8A-93C4-79D3EBD608AF} = {6C574CA8-0AE0-4B5F-B515-D911194CA34A}
		{79508B81-1AB0-46EF-8582-1F7BFF713CB0} = {6C574CA8-0AE0-4B5F-B515-D911194CA34A}
		{7729B9DA-0606-4FB6-9F35-385906139A52} = {6C574CA8-0AE0-4B5F-B515-D911194CA34A}
		{6E31742B-D554-4A09-AE1E-08DB8688FEC8} = {BA4EE108-0B5F-4AED-9ED1-4778B3E8C9CC}
		{92E3585E-6413-46D1-93A7-9D5074E12ADD} = {BA4EE108-0B5F-4AED-9ED1-4778B3E8C9CC}
		{C03B2BAD-D8E1-4842-955E-5E6CDC272CE2} = {BA4EE108-0B5F-4AED-9ED1-4778B3E8C9CC}
		{8ADF2CB1-7560-4A79-81DA-EFC5D25BFB4C} = {57EDDF92-B4B1-4196-8420-12F2A53B501C}
		{0AC95D14-7BA2-463D-AAB5-6809EE28E6CA} = {57EDDF92-B4B1-4196-8420-12F2A53B501C}
		{602B786E-AE3F-4F28-A711-AD514C858370} = {57EDDF92-B4B1-4196-8420-12F2A53B501C}
	EndGlobalSection
	GlobalSection(ExtensibilityGlobals) = postSolution
		SolutionGuid = {5E876953-3F8E-47D3-B8BE-60707555659C}
	EndGlobalSection
EndGlobal
